
Microsoft Visual Studio Solution File, Format Version 12.00
# Visual Studio Version 17
VisualStudioVersion = 17.5.33627.172
MinimumVisualStudioVersion = 10.0.40219.1
Project("{9A19103F-16F7-4668-BE54-9A1E7A4F7556}") = "AdaptiveDMI", "AdaptiveDMI\AdaptiveDMI.csproj", "{925095E5-BF52-4EB2-98C9-848E4EC485BC}"
EndProject
Project("{9A19103F-16F7-4668-BE54-9A1E7A4F7556}") = "AdaptiveDMI.Core", "AdaptiveDMI.Core\AdaptiveDMI.Core.csproj", "{76FDE7AE-E3CA-4D09-9D8D-0979A156C81B}"
EndProject
Global
	GlobalSection(SolutionConfigurationPlatforms) = preSolution
		Debug|Any CPU = Debug|Any CPU
		Release|Any CPU = Release|Any CPU
	EndGlobalSection
	GlobalSection(ProjectConfigurationPlatforms) = postSolution
		{925095E5-BF52-4EB2-98C9-848E4EC485BC}.Debug|Any CPU.ActiveCfg = Debug|Any CPU
		{925095E5-BF52-4EB2-98C9-848E4EC485BC}.Debug|Any CPU.Build.0 = Debug|Any CPU
		{925095E5-BF52-4EB2-98C9-848E4EC485BC}.Release|Any CPU.ActiveCfg = Release|Any CPU
		{925095E5-BF52-4EB2-98C9-848E4EC485BC}.Release|Any CPU.Build.0 = Release|Any CPU
		{76FDE7AE-E3CA-4D09-9D8D-0979A156C81B}.Debug|Any CPU.ActiveCfg = Debug|Any CPU
		{76FDE7AE-E3CA-4D09-9D8D-0979A156C81B}.Debug|Any CPU.Build.0 = Debug|Any CPU
		{76FDE7AE-E3CA-4D09-9D8D-0979A156C81B}.Release|Any CPU.ActiveCfg = Release|Any CPU
		{76FDE7AE-E3CA-4D09-9D8D-0979A156C81B}.Release|Any CPU.Build.0 = Release|Any CPU
	EndGlobalSection
	GlobalSection(SolutionProperties) = preSolution
		HideSolutionNode = FALSE
	EndGlobalSection
	GlobalSection(ExtensibilityGlobals) = postSolution
		SolutionGuid = {6C57FBE0-A2C5-439F-8DB5-5678F9496C36}
	EndGlobalSection
EndGlobal
